
Microsoft Visual Studio Solution File, Format Version 12.00
# Visual Studio 2012
Project("{FAE04EC0-301F-11D3-BF4B-00C04F79EFBC}") = "AsyncAwait", "AsyncAwait\AsyncAwait.csproj", "{C71788CE-CE1D-40F9-95E7-C3B4F1B41278}"
EndProject
Global
	GlobalSection(SolutionConfigurationPlatforms) = preSolution
		Debug|Any CPU = Debug|Any CPU
		Release|Any CPU = Release|Any CPU
	EndGlobalSection
	GlobalSection(ProjectConfigurationPlatforms) = postSolution
		{C71788CE-CE1D-40F9-95E7-C3B4F1B41278}.Debug|Any CPU.ActiveCfg = Debug|Any CPU
		{C71788CE-CE1D-40F9-95E7-C3B4F1B41278}.Debug|Any CPU.Build.0 = Debug|Any CPU
		{C71788CE-CE1D-40F9-95E7-C3B4F1B41278}.Release|Any CPU.ActiveCfg = Release|Any CPU
		{C71788CE-CE1D-40F9-95E7-C3B4F1B41278}.Release|Any CPU.Build.0 = Release|Any CPU
	EndGlobalSection
	GlobalSection(SolutionProperties) = preSolution
		HideSolutionNode = FALSE
	EndGlobalSection
EndGlobal
